
Microsoft Visual Studio Solution File, Format Version 12.00
# Visual Studio Version 17
VisualStudioVersion = 17.1.32414.318
MinimumVisualStudioVersion = 10.0.40219.1
Project("{9A19103F-16F7-4668-BE54-9A1E7A4F7556}") = "MirzamFunc", "src\MirzamFunc\MirzamFunc.csproj", "{6E2F136A-BA06-4DB9-96FA-08443E217011}"
EndProject
Project("{9A19103F-16F7-4668-BE54-9A1E7A4F7556}") = "MirzamFunc.Tests", "test\MirzamFunc.Tests\MirzamFunc.Tests.csproj", "{122C19FF-E47A-4867-91B4-9EB6F5245BAC}"
EndProject
Global
	GlobalSection(SolutionConfigurationPlatforms) = preSolution
		Debug|Any CPU = Debug|Any CPU
		Release|Any CPU = Release|Any CPU
	EndGlobalSection
	GlobalSection(ProjectConfigurationPlatforms) = postSolution
		{6E2F136A-BA06-4DB9-96FA-08443E217011}.Debug|Any CPU.ActiveCfg = Debug|Any CPU
		{6E2F136A-BA06-4DB9-96FA-08443E217011}.Debug|Any CPU.Build.0 = Debug|Any CPU
		{6E2F136A-BA06-4DB9-96FA-08443E217011}.Release|Any CPU.ActiveCfg = Release|Any CPU
		{6E2F136A-BA06-4DB9-96FA-08443E217011}.Release|Any CPU.Build.0 = Release|Any CPU
		{122C19FF-E47A-4867-91B4-9EB6F5245BAC}.Debug|Any CPU.ActiveCfg = Debug|Any CPU
		{122C19FF-E47A-4867-91B4-9EB6F5245BAC}.Debug|Any CPU.Build.0 = Debug|Any CPU
		{122C19FF-E47A-4867-91B4-9EB6F5245BAC}.Release|Any CPU.ActiveCfg = Release|Any CPU
		{122C19FF-E47A-4867-91B4-9EB6F5245BAC}.Release|Any CPU.Build.0 = Release|Any CPU
	EndGlobalSection
	GlobalSection(SolutionProperties) = preSolution
		HideSolutionNode = FALSE
	EndGlobalSection
	GlobalSection(ExtensibilityGlobals) = postSolution
		SolutionGuid = {15861C60-0374-4E78-9BF4-75947B415004}
	EndGlobalSection
EndGlobal
